
Microsoft Visual Studio Solution File, Format Version 12.00
# Visual Studio Version 16
VisualStudioVersion = 16.0.30517.126
MinimumVisualStudioVersion = 10.0.40219.1
Project("{FAE04EC0-301F-11D3-BF4B-00C04F79EFBC}") = "SalesWebMvc", "SalesWebMvc.csproj", "{818F734C-EC4F-47CC-9501-AEC228ED7492}"
EndProject
Global
	GlobalSection(SolutionConfigurationPlatforms) = preSolution
		Debug|Any CPU = Debug|Any CPU
		Release|Any CPU = Release|Any CPU
	EndGlobalSection
	GlobalSection(ProjectConfigurationPlatforms) = postSolution
		{818F734C-EC4F-47CC-9501-AEC228ED7492}.Debug|Any CPU.ActiveCfg = Debug|Any CPU
		{818F734C-EC4F-47CC-9501-AEC228ED7492}.Debug|Any CPU.Build.0 = Debug|Any CPU
		{818F734C-EC4F-47CC-9501-AEC228ED7492}.Release|Any CPU.ActiveCfg = Release|Any CPU
		{818F734C-EC4F-47CC-9501-AEC228ED7492}.Release|Any CPU.Build.0 = Release|Any CPU
	EndGlobalSection
	GlobalSection(SolutionProperties) = preSolution
		HideSolutionNode = FALSE
	EndGlobalSection
	GlobalSection(ExtensibilityGlobals) = postSolution
		SolutionGuid = {DDDF3567-EA26-4F6C-AE72-B071C48F576D}
	EndGlobalSection
EndGlobal
